speakeasyVersion: 1.575.1
sources:
    Ship24 Tracking API:
        sourceNamespace: ship-24-tracking-api
        sourceRevisionDigest: sha256:4023e9e93cf0eb00cade75a889cd7c96eeda6a59662ed2400311b503dbbe0cd8
        sourceBlobDigest: sha256:2d2a4bb3f6d72964f75826a61261fea85ff3fd90106fd2022a7cb583170ee3c1
        tags:
            - latest
            - 1.0.0
targets:
    ship-24:
        source: Ship24 Tracking API
        sourceNamespace: ship-24-tracking-api
        sourceRevisionDigest: sha256:4023e9e93cf0eb00cade75a889cd7c96eeda6a59662ed2400311b503dbbe0cd8
        sourceBlobDigest: sha256:2d2a4bb3f6d72964f75826a61261fea85ff3fd90106fd2022a7cb583170ee3c1
        codeSamplesNamespace: ship-24-tracking-api-python-code-samples
        codeSamplesRevisionDigest: sha256:314e2b21a92c2c3b0d90029d88260d1d4c18d5b5d91dce0ff23f2f0db741f3cd
workflow:
    workflowVersion: 1.0.0
    speakeasyVersion: latest
    sources:
        Ship24 Tracking API:
            inputs:
                - location: openapi.yaml
            output: .speakeasy/out.openapi.yaml
            registry:
                location: registry.speakeasyapi.dev/botbrains/zendesksdk/ship-24-tracking-api
    targets:
        ship-24:
            target: python
            source: Ship24 Tracking API
            codeSamples:
                registry:
                    location: registry.speakeasyapi.dev/botbrains/zendesksdk/ship-24-tracking-api-python-code-samples
                labelOverride:
                    fixedValue: Python (SDK)
                blocking: false
